Microsoft Visual Studio Solution File, Format Version 11.00
# Visual Studio 2008

Project("{B78A1D61-17AD-F2A4-8346-C0791FA55958}") = "BabyPhone-Rythm", "Assembly-CSharp.csproj", "{F0CF4371-8417-407B-1F58-9EA3069D5B2A}"
EndProject
Project("{B78A1D61-17AD-F2A4-8346-C0791FA55958}") = "BabyPhone-Rythm", "Assembly-CSharp-Editor.csproj", "{A5FB5495-CE78-363A-B45E-B865A3880B0C}"
EndProject
Project("{B78A1D61-17AD-F2A4-8346-C0791FA55958}") = "BabyPhone-Rythm", "Assembly-UnityScript.unityproj", "{24792320-3DEB-1C3C-A0D8-6B5DA062E229}"
EndProject
Global
	GlobalSection(SolutionConfigurationPlatforms) = preSolution
		Debug|Any CPU = Debug|Any CPU
		Release|Any CPU = Release|Any CPU
	EndGlobalSection
	GlobalSection(ProjectConfigurationPlatforms) = postSolution
		{F0CF4371-8417-407B-1F58-9EA3069D5B2A}.Debug|Any CPU.ActiveCfg = Debug|Any CPU
		{F0CF4371-8417-407B-1F58-9EA3069D5B2A}.Debug|Any CPU.Build.0 = Debug|Any CPU
		{F0CF4371-8417-407B-1F58-9EA3069D5B2A}.Release|Any CPU.ActiveCfg = Release|Any CPU
		{F0CF4371-8417-407B-1F58-9EA3069D5B2A}.Release|Any CPU.Build.0 = Release|Any CPU
		{A5FB5495-CE78-363A-B45E-B865A3880B0C}.Debug|Any CPU.ActiveCfg = Debug|Any CPU
		{A5FB5495-CE78-363A-B45E-B865A3880B0C}.Debug|Any CPU.Build.0 = Debug|Any CPU
		{A5FB5495-CE78-363A-B45E-B865A3880B0C}.Release|Any CPU.ActiveCfg = Release|Any CPU
		{A5FB5495-CE78-363A-B45E-B865A3880B0C}.Release|Any CPU.Build.0 = Release|Any CPU
		{24792320-3DEB-1C3C-A0D8-6B5DA062E229}.Debug|Any CPU.ActiveCfg = Debug|Any CPU
		{24792320-3DEB-1C3C-A0D8-6B5DA062E229}.Debug|Any CPU.Build.0 = Debug|Any CPU
		{24792320-3DEB-1C3C-A0D8-6B5DA062E229}.Release|Any CPU.ActiveCfg = Release|Any CPU
		{24792320-3DEB-1C3C-A0D8-6B5DA062E229}.Release|Any CPU.Build.0 = Release|Any CPU
	EndGlobalSection
	GlobalSection(SolutionProperties) = preSolution
		HideSolutionNode = FALSE
	EndGlobalSection
		GlobalSection(MonoDevelopProperties) = preSolution
		StartupItem = Assembly-CSharp.csproj
		Policies = $0
		$0.TextStylePolicy = $1
		$1.inheritsSet = null
		$1.scope = text/x-csharp
		$0.CSharpFormattingPolicy = $2
		$2.inheritsSet = Mono
		$2.inheritsScope = text/x-csharp
		$2.scope = text/x-csharp
		$0.TextStylePolicy = $3
		$3.FileWidth = 120
		$3.TabWidth = 4
		$3.IndentWidth = 4
		$3.EolMarker = Unix
		$3.inheritsSet = Mono
		$3.inheritsScope = text/plain
		$3.scope = text/plain
	EndGlobalSection

EndGlobal
